
Microsoft Visual Studio Solution File, Format Version 12.00
Project("{FAE04EC0-301F-11D3-BF4B-00C04F79EFBC}") = "Wikisharp", "Wikisharp\Wikisharp.csproj", "{2AD8AE25-E9A3-47FE-9B97-A338A3FC263B}"
EndProject
Project("{FAE04EC0-301F-11D3-BF4B-00C04F79EFBC}") = "Test", "Test\Test.csproj", "{F557C1D8-1EB3-44F1-85D0-4CA6EEE57878}"
EndProject
Global
	GlobalSection(SolutionConfigurationPlatforms) = preSolution
		Debug|Any CPU = Debug|Any CPU
		Release|Any CPU = Release|Any CPU
	EndGlobalSection
	GlobalSection(ProjectConfigurationPlatforms) = postSolution
		{2AD8AE25-E9A3-47FE-9B97-A338A3FC263B}.Debug|Any CPU.ActiveCfg = Debug|Any CPU
		{2AD8AE25-E9A3-47FE-9B97-A338A3FC263B}.Debug|Any CPU.Build.0 = Debug|Any CPU
		{2AD8AE25-E9A3-47FE-9B97-A338A3FC263B}.Release|Any CPU.ActiveCfg = Release|Any CPU
		{2AD8AE25-E9A3-47FE-9B97-A338A3FC263B}.Release|Any CPU.Build.0 = Release|Any CPU
		{F557C1D8-1EB3-44F1-85D0-4CA6EEE57878}.Debug|Any CPU.ActiveCfg = Debug|Any CPU
		{F557C1D8-1EB3-44F1-85D0-4CA6EEE57878}.Debug|Any CPU.Build.0 = Debug|Any CPU
		{F557C1D8-1EB3-44F1-85D0-4CA6EEE57878}.Release|Any CPU.ActiveCfg = Release|Any CPU
		{F557C1D8-1EB3-44F1-85D0-4CA6EEE57878}.Release|Any CPU.Build.0 = Release|Any CPU
	EndGlobalSection
EndGlobal
